{
  "name": "test-app",
  "version": "1.0.0",
  "lockfileVersion": 2,
  "requires": true,
  "packages": {
    "": {
      "version": "1.0.0",
      "license": "ISC",
      "dependencies": {
        "account_number_handler": "file:../account_number_handler"
      }
    },
    "../account_number_handler": {
      "version": "1.0.0",
      "license": "ISC"
    },
    "node_modules/account_number_handler": {
      "resolved": "../account_number_handler",
      "link": true
    }
  },
  "dependencies": {
    "account_number_handler": {
      "version": "file:../account_number_handler"
    }
  }
}
